
Microsoft Visual Studio Solution File, Format Version 12.00
# Visual Studio Version 17
VisualStudioVersion = 17.5.33424.131
MinimumVisualStudioVersion = 10.0.40219.1
Project("{8BC9CEB8-8B4A-11D0-8D11-00A0C91BC942}") = "Editor", "Editor\Editor.vcxproj", "{D81AA072-B1C6-464B-AF6D-3ED56A5C67C7}"
EndProject
Project("{2150E333-8FDC-42A3-9474-1A3956D46DE8}") = "External", "External", "{FCCE8554-4BF3-45ED-B9B4-C33B4103CBE9}"
EndProject
Project("{8BC9CEB8-8B4A-11D0-8D11-00A0C91BC942}") = "EntityComponentSystem", "..\..\EntityComponentSystem\EntityComponentSystem\EntityComponentSystem\EntityComponentSystem.vcxproj", "{70E14DE8-7FF0-4249-9B02-ED33116C837D}"
EndProject
Project("{8BC9CEB8-8B4A-11D0-8D11-00A0C91BC942}") = "Renderer", "..\..\Renderer\Renderer\Renderer\Renderer.vcxproj", "{FF7B443E-8CE6-45F7-892C-B4F2A67FEF18}"
EndProject
Project("{8BC9CEB8-8B4A-11D0-8D11-00A0C91BC942}") = "Profiler", "..\..\Utilities\Utilities\Profiler\Profiler.vcxproj", "{BAE4CF46-4926-4052-A0B5-290947489C07}"
EndProject
Project("{8BC9CEB8-8B4A-11D0-8D11-00A0C91BC942}") = "ResourceArchive", "..\..\Resource-Handler\ResourceHandler\ResourceArchive\ResourceArchive.vcxproj", "{EB665CD1-EFA4-419B-B6AF-882E5BCDB66E}"
EndProject
Project("{8BC9CEB8-8B4A-11D0-8D11-00A0C91BC942}") = "ResourceHandler", "..\..\Resource-Handler\ResourceHandler\ResourceHandler\ResourceHandler.vcxproj", "{BED7B51D-7499-4F9E-A74F-3D66D316DBAB}"
EndProject
Project("{2150E333-8FDC-42A3-9474-1A3956D46DE8}") = "ResourcesHandler", "ResourcesHandler", "{C97E04B1-DF5D-4B4C-BE25-DA87C6D24E51}"
EndProject
Project("{2150E333-8FDC-42A3-9474-1A3956D46DE8}") = "External", "External", "{E76CFE5D-7048-4D7A-92BD-F5AD601F2D05}"
EndProject
Project("{8BC9CEB8-8B4A-11D0-8D11-00A0C91BC942}") = "bit7z", "..\..\Resource-Handler\bit7z\bit7z.vcxproj", "{0ECEDD47-4EC9-3232-B099-20D54C597639}"
EndProject
Project("{9A19103F-16F7-4668-BE54-9A1E7A4F7556}") = "EditorWPF", "EditorWPF\EditorWPF.csproj", "{124D1977-B1F0-4D8F-ACD5-0F66E1395F7E}"
EndProject
Project("{8BC9CEB8-8B4A-11D0-8D11-00A0C91BC942}") = "Engine", "..\..\Engine\Engine\Engine\Engine.vcxproj", "{0E59049C-407E-40AC-B7E5-5052B99F455F}"
EndProject
Project("{8BC9CEB8-8B4A-11D0-8D11-00A0C91BC942}") = "HMI", "..\..\Engine\Engine\HMI\HMI.vcxproj", "{32A997EE-35D4-4EC8-9AE6-417844F10337}"
EndProject
Project("{8BC9CEB8-8B4A-11D0-8D11-00A0C91BC942}") = "EditorInterop", "EditorInterop\EditorInterop.vcxproj", "{18911EF5-10EA-4AA7-AE32-38F3B14A8985}"
EndProject
Global
	GlobalSection(SolutionConfigurationPlatforms) = preSolution
		Debug|Any CPU = Debug|Any CPU
		Debug|x64 = Debug|x64
		Debug|x86 = Debug|x86
		Release|Any CPU = Release|Any CPU
		Release|x64 = Release|x64
		Release|x86 = Release|x86
	EndGlobalSection
	GlobalSection(ProjectConfigurationPlatforms) = postSolution
		{D81AA072-B1C6-464B-AF6D-3ED56A5C67C7}.Debug|Any CPU.ActiveCfg = Debug|Win32
		{D81AA072-B1C6-464B-AF6D-3ED56A5C67C7}.Debug|x64.ActiveCfg = Debug|x64
		{D81AA072-B1C6-464B-AF6D-3ED56A5C67C7}.Debug|x64.Build.0 = Debug|x64
		{D81AA072-B1C6-464B-AF6D-3ED56A5C67C7}.Debug|x86.ActiveCfg = Debug|Win32
		{D81AA072-B1C6-464B-AF6D-3ED56A5C67C7}.Debug|x86.Build.0 = Debug|Win32
		{D81AA072-B1C6-464B-AF6D-3ED56A5C67C7}.Release|Any CPU.ActiveCfg = Release|Win32
		{D81AA072-B1C6-464B-AF6D-3ED56A5C67C7}.Release|x64.ActiveCfg = Release|x64
		{D81AA072-B1C6-464B-AF6D-3ED56A5C67C7}.Release|x64.Build.0 = Release|x64
		{D81AA072-B1C6-464B-AF6D-3ED56A5C67C7}.Release|x86.ActiveCfg = Release|Win32
		{D81AA072-B1C6-464B-AF6D-3ED56A5C67C7}.Release|x86.Build.0 = Release|Win32
		{70E14DE8-7FF0-4249-9B02-ED33116C837D}.Debug|Any CPU.ActiveCfg = Debug|Win32
		{70E14DE8-7FF0-4249-9B02-ED33116C837D}.Debug|x64.ActiveCfg = Debug|x64
		{70E14DE8-7FF0-4249-9B02-ED33116C837D}.Debug|x64.Build.0 = Debug|x64
		{70E14DE8-7FF0-4249-9B02-ED33116C837D}.Debug|x86.ActiveCfg = Debug|Win32
		{70E14DE8-7FF0-4249-9B02-ED33116C837D}.Debug|x86.Build.0 = Debug|Win32
		{70E14DE8-7FF0-4249-9B02-ED33116C837D}.Release|Any CPU.ActiveCfg = Release|Win32
		{70E14DE8-7FF0-4249-9B02-ED33116C837D}.Release|x64.ActiveCfg = Release|x64
		{70E14DE8-7FF0-4249-9B02-ED33116C837D}.Release|x64.Build.0 = Release|x64
		{70E14DE8-7FF0-4249-9B02-ED33116C837D}.Release|x86.ActiveCfg = Release|Win32
		{70E14DE8-7FF0-4249-9B02-ED33116C837D}.Release|x86.Build.0 = Release|Win32
		{FF7B443E-8CE6-45F7-892C-B4F2A67FEF18}.Debug|Any CPU.ActiveCfg = Debug|Win32
		{FF7B443E-8CE6-45F7-892C-B4F2A67FEF18}.Debug|x64.ActiveCfg = Debug|x64
		{FF7B443E-8CE6-45F7-892C-B4F2A67FEF18}.Debug|x64.Build.0 = Debug|x64
		{FF7B443E-8CE6-45F7-892C-B4F2A67FEF18}.Debug|x86.ActiveCfg = Debug|Win32
		{FF7B443E-8CE6-45F7-892C-B4F2A67FEF18}.Debug|x86.Build.0 = Debug|Win32
		{FF7B443E-8CE6-45F7-892C-B4F2A67FEF18}.Release|Any CPU.ActiveCfg = Release|Win32
		{FF7B443E-8CE6-45F7-892C-B4F2A67FEF18}.Release|x64.ActiveCfg = Release|x64
		{FF7B443E-8CE6-45F7-892C-B4F2A67FEF18}.Release|x64.Build.0 = Release|x64
		{FF7B443E-8CE6-45F7-892C-B4F2A67FEF18}.Release|x86.ActiveCfg = Release|Win32
		{FF7B443E-8CE6-45F7-892C-B4F2A67FEF18}.Release|x86.Build.0 = Release|Win32
		{BAE4CF46-4926-4052-A0B5-290947489C07}.Debug|Any CPU.ActiveCfg = Debug|Win32
		{BAE4CF46-4926-4052-A0B5-290947489C07}.Debug|x64.ActiveCfg = Debug|x64
		{BAE4CF46-4926-4052-A0B5-290947489C07}.Debug|x64.Build.0 = Debug|x64
		{BAE4CF46-4926-4052-A0B5-290947489C07}.Debug|x86.ActiveCfg = Debug|Win32
		{BAE4CF46-4926-4052-A0B5-290947489C07}.Debug|x86.Build.0 = Debug|Win32
		{BAE4CF46-4926-4052-A0B5-290947489C07}.Release|Any CPU.ActiveCfg = Release|Win32
		{BAE4CF46-4926-4052-A0B5-290947489C07}.Release|x64.ActiveCfg = Release|x64
		{BAE4CF46-4926-4052-A0B5-290947489C07}.Release|x64.Build.0 = Release|x64
		{BAE4CF46-4926-4052-A0B5-290947489C07}.Release|x86.ActiveCfg = Release|Win32
		{BAE4CF46-4926-4052-A0B5-290947489C07}.Release|x86.Build.0 = Release|Win32
		{EB665CD1-EFA4-419B-B6AF-882E5BCDB66E}.Debug|Any CPU.ActiveCfg = Debug|Win32
		{EB665CD1-EFA4-419B-B6AF-882E5BCDB66E}.Debug|x64.ActiveCfg = Debug|x64
		{EB665CD1-EFA4-419B-B6AF-882E5BCDB66E}.Debug|x64.Build.0 = Debug|x64
		{EB665CD1-EFA4-419B-B6AF-882E5BCDB66E}.Debug|x86.ActiveCfg = Debug|Win32
		{EB665CD1-EFA4-419B-B6AF-882E5BCDB66E}.Debug|x86.Build.0 = Debug|Win32
		{EB665CD1-EFA4-419B-B6AF-882E5BCDB66E}.Release|Any CPU.ActiveCfg = Release|Win32
		{EB665CD1-EFA4-419B-B6AF-882E5BCDB66E}.Release|x64.ActiveCfg = Release|x64
		{EB665CD1-EFA4-419B-B6AF-882E5BCDB66E}.Release|x64.Build.0 = Release|x64
		{EB665CD1-EFA4-419B-B6AF-882E5BCDB66E}.Release|x86.ActiveCfg = Release|Win32
		{EB665CD1-EFA4-419B-B6AF-882E5BCDB66E}.Release|x86.Build.0 = Release|Win32
		{BED7B51D-7499-4F9E-A74F-3D66D316DBAB}.Debug|Any CPU.ActiveCfg = Debug|Win32
		{BED7B51D-7499-4F9E-A74F-3D66D316DBAB}.Debug|x64.ActiveCfg = Debug|x64
		{BED7B51D-7499-4F9E-A74F-3D66D316DBAB}.Debug|x64.Build.0 = Debug|x64
		{BED7B51D-7499-4F9E-A74F-3D66D316DBAB}.Debug|x86.ActiveCfg = Debug|Win32
		{BED7B51D-7499-4F9E-A74F-3D66D316DBAB}.Debug|x86.Build.0 = Debug|Win32
		{BED7B51D-7499-4F9E-A74F-3D66D316DBAB}.Release|Any CPU.ActiveCfg = Release|Win32
		{BED7B51D-7499-4F9E-A74F-3D66D316DBAB}.Release|x64.ActiveCfg = Release|x64
		{BED7B51D-7499-4F9E-A74F-3D66D316DBAB}.Release|x64.Build.0 = Release|x64
		{BED7B51D-7499-4F9E-A74F-3D66D316DBAB}.Release|x86.ActiveCfg = Release|Win32
		{BED7B51D-7499-4F9E-A74F-3D66D316DBAB}.Release|x86.Build.0 = Release|Win32
		{0ECEDD47-4EC9-3232-B099-20D54C597639}.Debug|Any CPU.ActiveCfg = Debug|Win32
		{0ECEDD47-4EC9-3232-B099-20D54C597639}.Debug|x64.ActiveCfg = Debug|x64
		{0ECEDD47-4EC9-3232-B099-20D54C597639}.Debug|x64.Build.0 = Debug|x64
		{0ECEDD47-4EC9-3232-B099-20D54C597639}.Debug|x86.ActiveCfg = Debug|Win32
		{0ECEDD47-4EC9-3232-B099-20D54C597639}.Debug|x86.Build.0 = Debug|Win32
		{0ECEDD47-4EC9-3232-B099-20D54C597639}.Release|Any CPU.ActiveCfg = Release|Win32
		{0ECEDD47-4EC9-3232-B099-20D54C597639}.Release|x64.ActiveCfg = Release|x64
		{0ECEDD47-4EC9-3232-B099-20D54C597639}.Release|x64.Build.0 = Release|x64
		{0ECEDD47-4EC9-3232-B099-20D54C597639}.Release|x86.ActiveCfg = Release|Win32
		{0ECEDD47-4EC9-3232-B099-20D54C597639}.Release|x86.Build.0 = Release|Win32
		{124D1977-B1F0-4D8F-ACD5-0F66E1395F7E}.Debug|Any CPU.ActiveCfg = Debug|Any CPU
		{124D1977-B1F0-4D8F-ACD5-0F66E1395F7E}.Debug|Any CPU.Build.0 = Debug|Any CPU
		{124D1977-B1F0-4D8F-ACD5-0F66E1395F7E}.Debug|x64.ActiveCfg = Debug|Any CPU
		{124D1977-B1F0-4D8F-ACD5-0F66E1395F7E}.Debug|x64.Build.0 = Debug|Any CPU
		{124D1977-B1F0-4D8F-ACD5-0F66E1395F7E}.Debug|x86.ActiveCfg = Debug|Any CPU
		{124D1977-B1F0-4D8F-ACD5-0F66E1395F7E}.Debug|x86.Build.0 = Debug|Any CPU
		{124D1977-B1F0-4D8F-ACD5-0F66E1395F7E}.Release|Any CPU.ActiveCfg = Release|Any CPU
		{124D1977-B1F0-4D8F-ACD5-0F66E1395F7E}.Release|Any CPU.Build.0 = Release|Any CPU
		{124D1977-B1F0-4D8F-ACD5-0F66E1395F7E}.Release|x64.ActiveCfg = Release|Any CPU
		{124D1977-B1F0-4D8F-ACD5-0F66E1395F7E}.Release|x64.Build.0 = Release|Any CPU
		{124D1977-B1F0-4D8F-ACD5-0F66E1395F7E}.Release|x86.ActiveCfg = Release|Any CPU
		{124D1977-B1F0-4D8F-ACD5-0F66E1395F7E}.Release|x86.Build.0 = Release|Any CPU
		{0E59049C-407E-40AC-B7E5-5052B99F455F}.Debug|Any CPU.ActiveCfg = Debug|Win32
		{0E59049C-407E-40AC-B7E5-5052B99F455F}.Debug|x64.ActiveCfg = Debug|x64
		{0E59049C-407E-40AC-B7E5-5052B99F455F}.Debug|x64.Build.0 = Debug|x64
		{0E59049C-407E-40AC-B7E5-5052B99F455F}.Debug|x86.ActiveCfg = Debug|Win32
		{0E59049C-407E-40AC-B7E5-5052B99F455F}.Debug|x86.Build.0 = Debug|Win32
		{0E59049C-407E-40AC-B7E5-5052B99F455F}.Release|Any CPU.ActiveCfg = Release|Win32
		{0E59049C-407E-40AC-B7E5-5052B99F455F}.Release|x64.ActiveCfg = Release|x64
		{0E59049C-407E-40AC-B7E5-5052B99F455F}.Release|x64.Build.0 = Release|x64
		{0E59049C-407E-40AC-B7E5-5052B99F455F}.Release|x86.ActiveCfg = Release|Win32
		{0E59049C-407E-40AC-B7E5-5052B99F455F}.Release|x86.Build.0 = Release|Win32
		{32A997EE-35D4-4EC8-9AE6-417844F10337}.Debug|Any CPU.ActiveCfg = Debug|Win32
		{32A997EE-35D4-4EC8-9AE6-417844F10337}.Debug|x64.ActiveCfg = Debug|x64
		{32A997EE-35D4-4EC8-9AE6-417844F10337}.Debug|x64.Build.0 = Debug|x64
		{32A997EE-35D4-4EC8-9AE6-417844F10337}.Debug|x86.ActiveCfg = Debug|Win32
		{32A997EE-35D4-4EC8-9AE6-417844F10337}.Debug|x86.Build.0 = Debug|Win32
		{32A997EE-35D4-4EC8-9AE6-417844F10337}.Release|Any CPU.ActiveCfg = Release|Win32
		{32A997EE-35D4-4EC8-9AE6-417844F10337}.Release|x64.ActiveCfg = Release|x64
		{32A997EE-35D4-4EC8-9AE6-417844F10337}.Release|x64.Build.0 = Release|x64
		{32A997EE-35D4-4EC8-9AE6-417844F10337}.Release|x86.ActiveCfg = Release|Win32
		{32A997EE-35D4-4EC8-9AE6-417844F10337}.Release|x86.Build.0 = Release|Win32
		{18911EF5-10EA-4AA7-AE32-38F3B14A8985}.Debug|Any CPU.ActiveCfg = Debug|Win32
		{18911EF5-10EA-4AA7-AE32-38F3B14A8985}.Debug|x64.ActiveCfg = Debug|x64
		{18911EF5-10EA-4AA7-AE32-38F3B14A8985}.Debug|x64.Build.0 = Debug|x64
		{18911EF5-10EA-4AA7-AE32-38F3B14A8985}.Debug|x86.ActiveCfg = Debug|Win32
		{18911EF5-10EA-4AA7-AE32-38F3B14A8985}.Debug|x86.Build.0 = Debug|Win32
		{18911EF5-10EA-4AA7-AE32-38F3B14A8985}.Release|Any CPU.ActiveCfg = Release|Win32
		{18911EF5-10EA-4AA7-AE32-38F3B14A8985}.Release|x64.ActiveCfg = Release|x64
		{18911EF5-10EA-4AA7-AE32-38F3B14A8985}.Release|x64.Build.0 = Release|x64
		{18911EF5-10EA-4AA7-AE32-38F3B14A8985}.Release|x86.ActiveCfg = Release|Win32
		{18911EF5-10EA-4AA7-AE32-38F3B14A8985}.Release|x86.Build.0 = Release|Win32
	EndGlobalSection
	GlobalSection(SolutionProperties) = preSolution
		HideSolutionNode = FALSE
	EndGlobalSection
	GlobalSection(NestedProjects) = preSolution
		{70E14DE8-7FF0-4249-9B02-ED33116C837D} = {FCCE8554-4BF3-45ED-B9B4-C33B4103CBE9}
		{FF7B443E-8CE6-45F7-892C-B4F2A67FEF18} = {FCCE8554-4BF3-45ED-B9B4-C33B4103CBE9}
		{BAE4CF46-4926-4052-A0B5-290947489C07} = {FCCE8554-4BF3-45ED-B9B4-C33B4103CBE9}
		{EB665CD1-EFA4-419B-B6AF-882E5BCDB66E} = {C97E04B1-DF5D-4B4C-BE25-DA87C6D24E51}
		{BED7B51D-7499-4F9E-A74F-3D66D316DBAB} = {C97E04B1-DF5D-4B4C-BE25-DA87C6D24E51}
		{C97E04B1-DF5D-4B4C-BE25-DA87C6D24E51} = {FCCE8554-4BF3-45ED-B9B4-C33B4103CBE9}
		{E76CFE5D-7048-4D7A-92BD-F5AD601F2D05} = {C97E04B1-DF5D-4B4C-BE25-DA87C6D24E51}
		{0ECEDD47-4EC9-3232-B099-20D54C597639} = {E76CFE5D-7048-4D7A-92BD-F5AD601F2D05}
		{0E59049C-407E-40AC-B7E5-5052B99F455F} = {FCCE8554-4BF3-45ED-B9B4-C33B4103CBE9}
		{32A997EE-35D4-4EC8-9AE6-417844F10337} = {FCCE8554-4BF3-45ED-B9B4-C33B4103CBE9}
	EndGlobalSection
	GlobalSection(ExtensibilityGlobals) = postSolution
		SolutionGuid = {34E1F00C-096C-4524-AC08-1E1C0B1D3B45}
	EndGlobalSection
EndGlobal
