<?xml version="1.0" encoding="utf-8"?>
<Project ToolsVersion="4.0" xmlns="http://schemas.microsoft.com/developer/msbuild/2003">
  <ItemGroup>
    <Filter Include="Source Files">
      <UniqueIdentifier>{4FC737F1-C7A5-4376-A066-2A32D752A2FF}</UniqueIdentifier>
      <Extensions>cpp;c;cc;cxx;def;odl;idl;hpj;bat;asm;asmx</Extensions>
    </Filter>
    <Filter Include="Header Files">
      <UniqueIdentifier>{93995380-89BD-4b04-88EB-625FBE52EBFB}</UniqueIdentifier>
      <Extensions>h;hh;hpp;hxx;hm;inl;inc;ipp;xsd</Extensions>
    </Filter>
    <Filter Include="Resource Files">
      <UniqueIdentifier>{67DA6AB6-F800-4c08-8B7A-83BB121AAD01}</UniqueIdentifier>
      <Extensions>rc;ico;cur;bmp;dlg;rc2;rct;bin;rgs;gif;jpg;jpeg;jpe;resx;tiff;tif;png;wav;mfcribbon-ms</Extensions>
    </Filter>
    <Filter Include="ComponentView">
      <UniqueIdentifier>{dbe31299-834a-495e-993f-602751fc720f}</UniqueIdentifier>
    </Filter>
    <Filter Include="ComponentView\Components">
      <UniqueIdentifier>{db51f581-6786-45df-bdcb-1497fa386e86}</UniqueIdentifier>
    </Filter>
    <Filter Include="ResourceView">
      <UniqueIdentifier>{ce0f7ab9-d2c2-4ea5-9a2a-187335fede1f}</UniqueIdentifier>
    </Filter>
    <Filter Include="ComponentView\Components\RenderObjectComponent">
      <UniqueIdentifier>{87f8a538-68b3-4b5c-b173-eddbaa43b11f}</UniqueIdentifier>
    </Filter>
    <Filter Include="Events">
      <UniqueIdentifier>{2ede2492-cbb4-4f4d-a3fb-e257cd98e6c2}</UniqueIdentifier>
    </Filter>
    <Filter Include="PoperContainer">
      <UniqueIdentifier>{2c9fbc14-95ec-4e44-ab0f-495a6d46f90a}</UniqueIdentifier>
    </Filter>
    <Filter Include="Page Layout">
      <UniqueIdentifier>{80457752-45b2-4226-a461-56c1f7e33ba1}</UniqueIdentifier>
    </Filter>
  </ItemGroup>
  <ItemGroup>
    <ClCompile Include="MainWindow.cpp">
      <Filter>Source Files</Filter>
    </ClCompile>
    <ClCompile Include="EngineWindowInterface.cpp">
      <Filter>Source Files</Filter>
    </ClCompile>
    <ClCompile Include="RenderView.cpp">
      <Filter>Source Files</Filter>
    </ClCompile>
    <ClCompile Include="SceneView.cpp">
      <Filter>Source Files</Filter>
    </ClCompile>
    <ClCompile Include="TransformComponent.cpp">
      <Filter>ComponentView\Components</Filter>
    </ClCompile>
    <ClCompile Include="ComponentView.cpp">
      <Filter>ComponentView</Filter>
    </ClCompile>
    <ClCompile Include="AddNewComponent.cpp">
      <Filter>ComponentView</Filter>
    </ClCompile>
    <ClCompile Include="ComponentControl.cpp">
      <Filter>ComponentView</Filter>
    </ClCompile>
    <ClCompile Include="ResourceView.cpp">
      <Filter>ResourceView</Filter>
    </ClCompile>
    <ClCompile Include="PropertyComponent.cpp">
      <Filter>ComponentView\Components</Filter>
    </ClCompile>
    <ClCompile Include="RenderObjectComponent.cpp">
      <Filter>ComponentView\Components\RenderObjectComponent</Filter>
    </ClCompile>
    <ClCompile Include="ComponentViewNew.cpp">
      <Filter>ComponentView</Filter>
    </ClCompile>
    <ClCompile Include="ComponentList.cpp">
      <Filter>ComponentView</Filter>
    </ClCompile>
    <ClCompile Include="ComponentDecorator.cpp">
      <Filter>ComponentView</Filter>
    </ClCompile>
    <ClCompile Include="AddComponentDialog.cpp">
      <Filter>ComponentView</Filter>
    </ClCompile>
    <ClCompile Include="MyForm.cpp">
      <Filter>ComponentView</Filter>
    </ClCompile>
    <ClCompile Include="PoperContainer.cpp">
      <Filter>PoperContainer</Filter>
    </ClCompile>
    <ClCompile Include="TabControlWindow.cpp">
      <Filter>Page Layout</Filter>
    </ClCompile>
    <ClCompile Include="WindowSplit.cpp">
      <Filter>Page Layout</Filter>
    </ClCompile>
    <ClCompile Include="TabLayout.cpp">
      <Filter>Page Layout</Filter>
    </ClCompile>
  </ItemGroup>
  <ItemGroup>
    <ClInclude Include="MainWindow.h">
      <Filter>Header Files</Filter>
    </ClInclude>
    <ClInclude Include="EngineWindowInterface.h">
      <Filter>Header Files</Filter>
    </ClInclude>
    <ClInclude Include="StringHelpers.h">
      <Filter>Header Files</Filter>
    </ClInclude>
    <ClInclude Include="SceneView.h">
      <Filter>Header Files</Filter>
    </ClInclude>
    <ClInclude Include="resource.h">
      <Filter>Header Files</Filter>
    </ClInclude>
    <ClInclude Include="RenderView.h">
      <Filter>Header Files</Filter>
    </ClInclude>
    <ClInclude Include="EnginePtr.h">
      <Filter>Header Files</Filter>
    </ClInclude>
    <ClInclude Include="TransformComponent.h">
      <Filter>ComponentView\Components</Filter>
    </ClInclude>
    <ClInclude Include="ComponentView.h">
      <Filter>ComponentView</Filter>
    </ClInclude>
    <ClInclude Include="AddNewComponent.h">
      <Filter>ComponentView</Filter>
    </ClInclude>
    <ClInclude Include="ComponentControl.h">
      <Filter>ComponentView</Filter>
    </ClInclude>
    <ClInclude Include="BaseComponent.h">
      <Filter>ComponentView\Components</Filter>
    </ClInclude>
    <ClInclude Include="ResourceView.h">
      <Filter>ResourceView</Filter>
    </ClInclude>
    <ClInclude Include="PropertyComponent.h">
      <Filter>ComponentView\Components</Filter>
    </ClInclude>
    <ClInclude Include="RenderObjectComponent.h">
      <Filter>ComponentView\Components\RenderObjectComponent</Filter>
    </ClInclude>
    <ClInclude Include="ComponentViewNew.h">
      <Filter>ComponentView</Filter>
    </ClInclude>
    <ClInclude Include="Delegates.h">
      <Filter>Events</Filter>
    </ClInclude>
    <ClInclude Include="ComponentList.h">
      <Filter>ComponentView</Filter>
    </ClInclude>
    <ClInclude Include="ComponentDecorator.h">
      <Filter>ComponentView</Filter>
    </ClInclude>
    <ClInclude Include="Events.h">
      <Filter>Events</Filter>
    </ClInclude>
    <ClInclude Include="AddComponentDialog.h">
      <Filter>ComponentView</Filter>
    </ClInclude>
    <ClInclude Include="MyForm.h">
      <Filter>ComponentView</Filter>
    </ClInclude>
    <ClInclude Include="PoperContainer.h">
      <Filter>PoperContainer</Filter>
    </ClInclude>
    <ClInclude Include="TabControlWindow.h">
      <Filter>Page Layout</Filter>
    </ClInclude>
    <ClInclude Include="WindowSplit.h">
      <Filter>Page Layout</Filter>
    </ClInclude>
    <ClInclude Include="TabLayout.h">
      <Filter>Page Layout</Filter>
    </ClInclude>
  </ItemGroup>
  <ItemGroup>
    <ResourceCompile Include="Editor.rc">
      <Filter>Resource Files</Filter>
    </ResourceCompile>
  </ItemGroup>
  <ItemGroup>
    <Image Include="Resources\TabControl_Exit.png">
      <Filter>Resource Files</Filter>
    </Image>
    <Image Include="Resources\Collapse.png">
      <Filter>Resource Files</Filter>
    </Image>
    <Image Include="Resources\Éxpand.png">
      <Filter>Resource Files</Filter>
    </Image>
  </ItemGroup>
</Project>